
Microsoft Visual Studio Solution File, Format Version 12.00
# Visual Studio Version 17
VisualStudioVersion = 17.6.33815.320
MinimumVisualStudioVersion = 10.0.40219.1
Project("{FAE04EC0-301F-11D3-BF4B-00C04F79EFBC}") = "Phase3Section3.9", "Phase3Section3.9\Phase3Section3.9.csproj", "{787AA35E-FC64-44CD-A85A-1C501278EB75}"
EndProject
Global
	GlobalSection(SolutionConfigurationPlatforms) = preSolution
		Debug|Any CPU = Debug|Any CPU
		Release|Any CPU = Release|Any CPU
	EndGlobalSection
	GlobalSection(ProjectConfigurationPlatforms) = postSolution
		{787AA35E-FC64-44CD-A85A-1C501278EB75}.Debug|Any CPU.ActiveCfg = Debug|Any CPU
		{787AA35E-FC64-44CD-A85A-1C501278EB75}.Debug|Any CPU.Build.0 = Debug|Any CPU
		{787AA35E-FC64-44CD-A85A-1C501278EB75}.Release|Any CPU.ActiveCfg = Release|Any CPU
		{787AA35E-FC64-44CD-A85A-1C501278EB75}.Release|Any CPU.Build.0 = Release|Any CPU
	EndGlobalSection
	GlobalSection(SolutionProperties) = preSolution
		HideSolutionNode = FALSE
	EndGlobalSection
	GlobalSection(ExtensibilityGlobals) = postSolution
		SolutionGuid = {707715ED-A0E5-4041-A396-E88F4D9CE0A8}
	EndGlobalSection
EndGlobal
